
Microsoft Visual Studio Solution File, Format Version 12.00
# Visual Studio Version 16
VisualStudioVersion = 25.0.1700.0
MinimumVisualStudioVersion = 10.0.40219.1
Project("{FAE04EC0-301F-11D3-BF4B-00C04F79EFBC}") = "BlazorBmi", "BlazorBmi\BlazorBmi.csproj", "{9C3F63E6-2D14-43D5-B9D5-3BBB4BF6E4A1}"
EndProject
Project("{FAE04EC0-301F-11D3-BF4B-00C04F79EFBC}") = "BlazorAddress", "BlazorAddress\BlazorAddress.csproj", "{C1A25097-4A12-4BCD-9E56-3372C61AC9AA}"
EndProject
Project("{FAE04EC0-301F-11D3-BF4B-00C04F79EFBC}") = "BlazorBind", "BlazorBind\BlazorBind.csproj", "{241F786C-2714-4235-B1FF-C21E94436441}"
EndProject
Project("{FAE04EC0-301F-11D3-BF4B-00C04F79EFBC}") = "BlazorLang", "BlazorLang\BlazorLang.csproj", "{D83773BB-6C69-4C5E-B42F-B70AB0F06C52}"
EndProject
Global
	GlobalSection(SolutionConfigurationPlatforms) = preSolution
		Debug|Any CPU = Debug|Any CPU
		Release|Any CPU = Release|Any CPU
	EndGlobalSection
	GlobalSection(ProjectConfigurationPlatforms) = postSolution
		{9C3F63E6-2D14-43D5-B9D5-3BBB4BF6E4A1}.Debug|Any CPU.ActiveCfg = Debug|Any CPU
		{9C3F63E6-2D14-43D5-B9D5-3BBB4BF6E4A1}.Debug|Any CPU.Build.0 = Debug|Any CPU
		{9C3F63E6-2D14-43D5-B9D5-3BBB4BF6E4A1}.Release|Any CPU.ActiveCfg = Release|Any CPU
		{9C3F63E6-2D14-43D5-B9D5-3BBB4BF6E4A1}.Release|Any CPU.Build.0 = Release|Any CPU
		{C1A25097-4A12-4BCD-9E56-3372C61AC9AA}.Debug|Any CPU.ActiveCfg = Debug|Any CPU
		{C1A25097-4A12-4BCD-9E56-3372C61AC9AA}.Debug|Any CPU.Build.0 = Debug|Any CPU
		{C1A25097-4A12-4BCD-9E56-3372C61AC9AA}.Release|Any CPU.ActiveCfg = Release|Any CPU
		{C1A25097-4A12-4BCD-9E56-3372C61AC9AA}.Release|Any CPU.Build.0 = Release|Any CPU
		{241F786C-2714-4235-B1FF-C21E94436441}.Debug|Any CPU.ActiveCfg = Debug|Any CPU
		{241F786C-2714-4235-B1FF-C21E94436441}.Debug|Any CPU.Build.0 = Debug|Any CPU
		{241F786C-2714-4235-B1FF-C21E94436441}.Release|Any CPU.ActiveCfg = Release|Any CPU
		{241F786C-2714-4235-B1FF-C21E94436441}.Release|Any CPU.Build.0 = Release|Any CPU
		{D83773BB-6C69-4C5E-B42F-B70AB0F06C52}.Debug|Any CPU.ActiveCfg = Debug|Any CPU
		{D83773BB-6C69-4C5E-B42F-B70AB0F06C52}.Debug|Any CPU.Build.0 = Debug|Any CPU
		{D83773BB-6C69-4C5E-B42F-B70AB0F06C52}.Release|Any CPU.ActiveCfg = Release|Any CPU
		{D83773BB-6C69-4C5E-B42F-B70AB0F06C52}.Release|Any CPU.Build.0 = Release|Any CPU
	EndGlobalSection
	GlobalSection(SolutionProperties) = preSolution
		HideSolutionNode = FALSE
	EndGlobalSection
	GlobalSection(ExtensibilityGlobals) = postSolution
		SolutionGuid = {4F359E6F-465B-40DE-B317-1BA7CB4FC443}
	EndGlobalSection
EndGlobal
